
Microsoft Visual Studio Solution File, Format Version 11.00
# Visual C# Express 2010
Project("{FAE04EC0-301F-11D3-BF4B-00C04F79EFBC}") = "Pry_Histodontology.Data", "Pry_Histodontology.Data\Pry_Histodontology.Data.csproj", "{67243C91-E886-49B2-82BD-61B05F835E4E}"
EndProject
Project("{FAE04EC0-301F-11D3-BF4B-00C04F79EFBC}") = "Pry_Histodontology.Common", "Pry_Histodontology.Common\Pry_Histodontology.Common.csproj", "{00771B83-9F7C-4474-8F76-6F20727C9F71}"
EndProject
Project("{FAE04EC0-301F-11D3-BF4B-00C04F79EFBC}") = "Pry_Histodontolgy.Presentacion", "Pry_Histodontolgy.Presentacion\Pry_Histodontolgy.Presentacion.csproj", "{2BC69878-53C6-452B-868A-4C008D827A5C}"
EndProject
Global
	GlobalSection(SolutionConfigurationPlatforms) = preSolution
		Debug|Any CPU = Debug|Any CPU
		Debug|Mixed Platforms = Debug|Mixed Platforms
		Debug|x86 = Debug|x86
		Release|Any CPU = Release|Any CPU
		Release|Mixed Platforms = Release|Mixed Platforms
		Release|x86 = Release|x86
	EndGlobalSection
	GlobalSection(ProjectConfigurationPlatforms) = postSolution
		{67243C91-E886-49B2-82BD-61B05F835E4E}.Debug|Any CPU.ActiveCfg = Debug|Any CPU
		{67243C91-E886-49B2-82BD-61B05F835E4E}.Debug|Any CPU.Build.0 = Debug|Any CPU
		{67243C91-E886-49B2-82BD-61B05F835E4E}.Debug|Mixed Platforms.ActiveCfg = Debug|Any CPU
		{67243C91-E886-49B2-82BD-61B05F835E4E}.Debug|Mixed Platforms.Build.0 = Debug|Any CPU
		{67243C91-E886-49B2-82BD-61B05F835E4E}.Debug|x86.ActiveCfg = Debug|Any CPU
		{67243C91-E886-49B2-82BD-61B05F835E4E}.Release|Any CPU.ActiveCfg = Release|Any CPU
		{67243C91-E886-49B2-82BD-61B05F835E4E}.Release|Any CPU.Build.0 = Release|Any CPU
		{67243C91-E886-49B2-82BD-61B05F835E4E}.Release|Mixed Platforms.ActiveCfg = Release|Any CPU
		{67243C91-E886-49B2-82BD-61B05F835E4E}.Release|Mixed Platforms.Build.0 = Release|Any CPU
		{67243C91-E886-49B2-82BD-61B05F835E4E}.Release|x86.ActiveCfg = Release|Any CPU
		{00771B83-9F7C-4474-8F76-6F20727C9F71}.Debug|Any CPU.ActiveCfg = Debug|Any CPU
		{00771B83-9F7C-4474-8F76-6F20727C9F71}.Debug|Any CPU.Build.0 = Debug|Any CPU
		{00771B83-9F7C-4474-8F76-6F20727C9F71}.Debug|Mixed Platforms.ActiveCfg = Debug|Any CPU
		{00771B83-9F7C-4474-8F76-6F20727C9F71}.Debug|Mixed Platforms.Build.0 = Debug|Any CPU
		{00771B83-9F7C-4474-8F76-6F20727C9F71}.Debug|x86.ActiveCfg = Debug|Any CPU
		{00771B83-9F7C-4474-8F76-6F20727C9F71}.Release|Any CPU.ActiveCfg = Release|Any CPU
		{00771B83-9F7C-4474-8F76-6F20727C9F71}.Release|Any CPU.Build.0 = Release|Any CPU
		{00771B83-9F7C-4474-8F76-6F20727C9F71}.Release|Mixed Platforms.ActiveCfg = Release|Any CPU
		{00771B83-9F7C-4474-8F76-6F20727C9F71}.Release|Mixed Platforms.Build.0 = Release|Any CPU
		{00771B83-9F7C-4474-8F76-6F20727C9F71}.Release|x86.ActiveCfg = Release|Any CPU
		{2BC69878-53C6-452B-868A-4C008D827A5C}.Debug|Any CPU.ActiveCfg = Debug|x86
		{2BC69878-53C6-452B-868A-4C008D827A5C}.Debug|Mixed Platforms.ActiveCfg = Debug|x86
		{2BC69878-53C6-452B-868A-4C008D827A5C}.Debug|Mixed Platforms.Build.0 = Debug|x86
		{2BC69878-53C6-452B-868A-4C008D827A5C}.Debug|x86.ActiveCfg = Debug|x86
		{2BC69878-53C6-452B-868A-4C008D827A5C}.Debug|x86.Build.0 = Debug|x86
		{2BC69878-53C6-452B-868A-4C008D827A5C}.Release|Any CPU.ActiveCfg = Release|x86
		{2BC69878-53C6-452B-868A-4C008D827A5C}.Release|Mixed Platforms.ActiveCfg = Release|x86
		{2BC69878-53C6-452B-868A-4C008D827A5C}.Release|Mixed Platforms.Build.0 = Release|x86
		{2BC69878-53C6-452B-868A-4C008D827A5C}.Release|x86.ActiveCfg = Release|x86
		{2BC69878-53C6-452B-868A-4C008D827A5C}.Release|x86.Build.0 = Release|x86
	EndGlobalSection
	GlobalSection(SolutionProperties) = preSolution
		HideSolutionNode = FALSE
	EndGlobalSection
EndGlobal
